
Microsoft Visual Studio Solution File, Format Version 12.00
# Visual Studio Version 17
VisualStudioVersion = 17.3.32901.215
MinimumVisualStudioVersion = 10.0.40219.1
Project("{FAE04EC0-301F-11D3-BF4B-00C04F79EFBC}") = "Writing_platform", "Writing_platform\Writing_platform.csproj", "{9A46DC93-8ADC-43D5-B95F-30C74B72E801}"
EndProject
Global
	GlobalSection(SolutionConfigurationPlatforms) = preSolution
		Debug|Any CPU = Debug|Any CPU
		Release|Any CPU = Release|Any CPU
	EndGlobalSection
	GlobalSection(ProjectConfigurationPlatforms) = postSolution
		{9A46DC93-8ADC-43D5-B95F-30C74B72E801}.Debug|Any CPU.ActiveCfg = Debug|Any CPU
		{9A46DC93-8ADC-43D5-B95F-30C74B72E801}.Debug|Any CPU.Build.0 = Debug|Any CPU
		{9A46DC93-8ADC-43D5-B95F-30C74B72E801}.Release|Any CPU.ActiveCfg = Release|Any CPU
		{9A46DC93-8ADC-43D5-B95F-30C74B72E801}.Release|Any CPU.Build.0 = Release|Any CPU
	EndGlobalSection
	GlobalSection(SolutionProperties) = preSolution
		HideSolutionNode = FALSE
	EndGlobalSection
	GlobalSection(ExtensibilityGlobals) = postSolution
		SolutionGuid = {FAE35438-14E1-4940-8925-32F07E001F12}
	EndGlobalSection
EndGlobal
